Microsoft Visual Studio Solution File, Format Version 12.00
# Visual Studio 2012
Project("{FAE04EC0-301F-11D3-BF4B-00C04F79EFBC}") = "Geo3DGodot", "Geo3DGodot.csproj", "{B357E077-6140-4253-A341-A3967D3F7A50}"
EndProject
Global
	GlobalSection(SolutionConfigurationPlatforms) = preSolution
	Debug|Any CPU = Debug|Any CPU
	Release|Any CPU = Release|Any CPU
	Tools|Any CPU = Tools|Any CPU
	EndGlobalSection
	GlobalSection(ProjectConfigurationPlatforms) = postSolution
		{B357E077-6140-4253-A341-A3967D3F7A50}.Debug|Any CPU.ActiveCfg = Debug|Any CPU
		{B357E077-6140-4253-A341-A3967D3F7A50}.Debug|Any CPU.Build.0 = Debug|Any CPU
		{B357E077-6140-4253-A341-A3967D3F7A50}.Release|Any CPU.ActiveCfg = Release|Any CPU
		{B357E077-6140-4253-A341-A3967D3F7A50}.Release|Any CPU.Build.0 = Release|Any CPU
		{B357E077-6140-4253-A341-A3967D3F7A50}.Tools|Any CPU.ActiveCfg = Tools|Any CPU
		{B357E077-6140-4253-A341-A3967D3F7A50}.Tools|Any CPU.Build.0 = Tools|Any CPU
	EndGlobalSection
EndGlobal
